
Microsoft Visual Studio Solution File, Format Version 12.00
# Visual Studio Version 16
VisualStudioVersion = 16.0.29920.165
MinimumVisualStudioVersion = 10.0.40219.1
Project("{E24C65DC-7377-472B-9ABA-BC803B73C61A}") = "News", ".", "{A165C781-0EFF-4DC5-BC36-77E8BCA79103}"
	ProjectSection(WebsiteProperties) = preProject
		TargetFrameworkMoniker = ".NETFramework,Version%3Dv4.0"
		Debug.AspNetCompiler.VirtualPath = "/localhost_50319"
		Debug.AspNetCompiler.PhysicalPath = "..\News\"
		Debug.AspNetCompiler.TargetPath = "PrecompiledWeb\localhost_50319\"
		Debug.AspNetCompiler.Updateable = "true"
		Debug.AspNetCompiler.ForceOverwrite = "true"
		Debug.AspNetCompiler.FixedNames = "false"
		Debug.AspNetCompiler.Debug = "True"
		Release.AspNetCompiler.VirtualPath = "/localhost_50319"
		Release.AspNetCompiler.PhysicalPath = "..\News\"
		Release.AspNetCompiler.TargetPath = "PrecompiledWeb\localhost_50319\"
		Release.AspNetCompiler.Updateable = "true"
		Release.AspNetCompiler.ForceOverwrite = "true"
		Release.AspNetCompiler.FixedNames = "false"
		Release.AspNetCompiler.Debug = "False"
		VWDPort = "50319"
		SlnRelativePath = "..\News\"
	EndProjectSection
EndProject
Global
	GlobalSection(SolutionConfigurationPlatforms) = preSolution
		Debug|Any CPU = Debug|Any CPU
	EndGlobalSection
	GlobalSection(ProjectConfigurationPlatforms) = postSolution
		{A165C781-0EFF-4DC5-BC36-77E8BCA79103}.Debug|Any CPU.ActiveCfg = Debug|Any CPU
		{A165C781-0EFF-4DC5-BC36-77E8BCA79103}.Debug|Any CPU.Build.0 = Debug|Any CPU
	EndGlobalSection
	GlobalSection(SolutionProperties) = preSolution
		HideSolutionNode = FALSE
	EndGlobalSection
	GlobalSection(ExtensibilityGlobals) = postSolution
		SolutionGuid = {61F0FAF3-42F8-456E-BBA6-64C9E73BC4D3}
	EndGlobalSection
EndGlobal
